
Microsoft Visual Studio Solution File, Format Version 12.00
# Visual Studio Version 17
VisualStudioVersion = 17.3.32901.215
MinimumVisualStudioVersion = 10.0.40219.1
Project("{9A19103F-16F7-4668-BE54-9A1E7A4F7556}") = "КпияпСус", "КпияпСус\КпияпСус.csproj", "{247F0DEC-5823-4B84-A8D7-60E93C189341}"
EndProject
Project("{9A19103F-16F7-4668-BE54-9A1E7A4F7556}") = "Лаб9", "Лаб9\Лаб9.csproj", "{97B16155-346A-472F-B20C-B56CAD1CBA21}"
EndProject
Project("{9A19103F-16F7-4668-BE54-9A1E7A4F7556}") = "Лаб10", "Лаб10\Лаб10.csproj", "{B6F01529-0572-4C04-ACD2-3092BC501125}"
EndProject
Project("{9A19103F-16F7-4668-BE54-9A1E7A4F7556}") = "Лаб11", "Лаб11\Лаб11.csproj", "{59169531-3660-414E-ACC0-3CC35F16A9E7}"
EndProject
Project("{9A19103F-16F7-4668-BE54-9A1E7A4F7556}") = "Лаб12", "Лаб12\Лаб12.csproj", "{112CF8C3-2A31-4271-9FB4-A42062478108}"
EndProject
Project("{9A19103F-16F7-4668-BE54-9A1E7A4F7556}") = "Лаб13", "Лаб13\Лаб13.csproj", "{A30FE9BA-4E09-4FA0-82B9-FAA1C5BF8745}"
EndProject
Project("{9A19103F-16F7-4668-BE54-9A1E7A4F7556}") = "Лаб14", "Лаб14\Лаб14.csproj", "{77CC074C-31A5-4152-8927-D074F95AC9F4}"
EndProject
Project("{9A19103F-16F7-4668-BE54-9A1E7A4F7556}") = "Лаб15-DLL", "Лаб15-DLL\Лаб15-DLL.csproj", "{2428FA2D-A2E3-429E-83FD-170B5DC11568}"
EndProject
Project("{9A19103F-16F7-4668-BE54-9A1E7A4F7556}") = "Лаб15", "..\Лаб15\Лаб15\Лаб15.csproj", "{CD7DB294-9359-4B80-A295-B3639D29BE94}"
	ProjectSection(ProjectDependencies) = postProject
		{2428FA2D-A2E3-429E-83FD-170B5DC11568} = {2428FA2D-A2E3-429E-83FD-170B5DC11568}
	EndProjectSection
EndProject
Project("{9A19103F-16F7-4668-BE54-9A1E7A4F7556}") = "Лаб16", "Лаб16\Лаб16.csproj", "{76272C1C-1EE3-4097-8EC3-D00B5BE29EEA}"
EndProject
Project("{9A19103F-16F7-4668-BE54-9A1E7A4F7556}") = "Лаб17", "Лаб17\Лаб17.csproj", "{C1977020-62B4-4EED-B403-602C1FBC0878}"
EndProject
Project("{9A19103F-16F7-4668-BE54-9A1E7A4F7556}") = "Лаб18", "Лаб18\Лаб18.csproj", "{F4A00172-8979-425D-B6AC-F939E06F593A}"
EndProject
Project("{9A19103F-16F7-4668-BE54-9A1E7A4F7556}") = "Лаб21", "Лаб21\Лаб21.csproj", "{556E0ECD-9896-4A28-BAAD-AC7238F9D4F3}"
EndProject
Project("{9A19103F-16F7-4668-BE54-9A1E7A4F7556}") = "Лаб22", "Лаб22\Лаб22.csproj", "{B3F6E201-9814-4D86-9187-46FD83ED890B}"
EndProject
Project("{9A19103F-16F7-4668-BE54-9A1E7A4F7556}") = "Лаб23", "Лаб23\Лаб23.csproj", "{B8414983-529C-4A25-853F-18235D610CE8}"
EndProject
Project("{9A19103F-16F7-4668-BE54-9A1E7A4F7556}") = "Лаб25", "Лаб25\Лаб25.csproj", "{C51A52CC-AA23-4BA8-9847-80AF28879FD0}"
EndProject
Project("{9A19103F-16F7-4668-BE54-9A1E7A4F7556}") = "Лаб25(DotNET7)", "Лаб25(DotNET7)\Лаб25(DotNET7).csproj", "{B3A3B778-EF92-4A95-B78D-86814BBD087A}"
EndProject
Project("{9A19103F-16F7-4668-BE54-9A1E7A4F7556}") = "Лаб26", "Лаб26\Лаб26.csproj", "{A2B49399-E61B-4241-A8A3-F12DD7A01D97}"
EndProject
Project("{9A19103F-16F7-4668-BE54-9A1E7A4F7556}") = "Лаб26Console", "Лаб26Console\Лаб26Console.csproj", "{D3AFA7ED-DEC6-4D20-8FC5-ED1C27FA559D}"
EndProject
Project("{FAE04EC0-301F-11D3-BF4B-00C04F79EFBC}") = "Лаб29", "Лаб29\Лаб29.csproj", "{F31CCD77-51B6-4029-8826-715810FDCADD}"
EndProject
Global
	GlobalSection(SolutionConfigurationPlatforms) = preSolution
		Debug|Any CPU = Debug|Any CPU
		Release|Any CPU = Release|Any CPU
	EndGlobalSection
	GlobalSection(ProjectConfigurationPlatforms) = postSolution
		{247F0DEC-5823-4B84-A8D7-60E93C189341}.Debug|Any CPU.ActiveCfg = Debug|Any CPU
		{247F0DEC-5823-4B84-A8D7-60E93C189341}.Debug|Any CPU.Build.0 = Debug|Any CPU
		{247F0DEC-5823-4B84-A8D7-60E93C189341}.Release|Any CPU.ActiveCfg = Release|Any CPU
		{247F0DEC-5823-4B84-A8D7-60E93C189341}.Release|Any CPU.Build.0 = Release|Any CPU
		{97B16155-346A-472F-B20C-B56CAD1CBA21}.Debug|Any CPU.ActiveCfg = Debug|Any CPU
		{97B16155-346A-472F-B20C-B56CAD1CBA21}.Debug|Any CPU.Build.0 = Debug|Any CPU
		{97B16155-346A-472F-B20C-B56CAD1CBA21}.Release|Any CPU.ActiveCfg = Release|Any CPU
		{97B16155-346A-472F-B20C-B56CAD1CBA21}.Release|Any CPU.Build.0 = Release|Any CPU
		{B6F01529-0572-4C04-ACD2-3092BC501125}.Debug|Any CPU.ActiveCfg = Debug|Any CPU
		{B6F01529-0572-4C04-ACD2-3092BC501125}.Debug|Any CPU.Build.0 = Debug|Any CPU
		{B6F01529-0572-4C04-ACD2-3092BC501125}.Release|Any CPU.ActiveCfg = Release|Any CPU
		{B6F01529-0572-4C04-ACD2-3092BC501125}.Release|Any CPU.Build.0 = Release|Any CPU
		{59169531-3660-414E-ACC0-3CC35F16A9E7}.Debug|Any CPU.ActiveCfg = Debug|Any CPU
		{59169531-3660-414E-ACC0-3CC35F16A9E7}.Debug|Any CPU.Build.0 = Debug|Any CPU
		{59169531-3660-414E-ACC0-3CC35F16A9E7}.Release|Any CPU.ActiveCfg = Release|Any CPU
		{59169531-3660-414E-ACC0-3CC35F16A9E7}.Release|Any CPU.Build.0 = Release|Any CPU
		{112CF8C3-2A31-4271-9FB4-A42062478108}.Debug|Any CPU.ActiveCfg = Debug|Any CPU
		{112CF8C3-2A31-4271-9FB4-A42062478108}.Debug|Any CPU.Build.0 = Debug|Any CPU
		{112CF8C3-2A31-4271-9FB4-A42062478108}.Release|Any CPU.ActiveCfg = Release|Any CPU
		{112CF8C3-2A31-4271-9FB4-A42062478108}.Release|Any CPU.Build.0 = Release|Any CPU
		{A30FE9BA-4E09-4FA0-82B9-FAA1C5BF8745}.Debug|Any CPU.ActiveCfg = Debug|Any CPU
		{A30FE9BA-4E09-4FA0-82B9-FAA1C5BF8745}.Debug|Any CPU.Build.0 = Debug|Any CPU
		{A30FE9BA-4E09-4FA0-82B9-FAA1C5BF8745}.Release|Any CPU.ActiveCfg = Release|Any CPU
		{A30FE9BA-4E09-4FA0-82B9-FAA1C5BF8745}.Release|Any CPU.Build.0 = Release|Any CPU
		{77CC074C-31A5-4152-8927-D074F95AC9F4}.Debug|Any CPU.ActiveCfg = Debug|Any CPU
		{77CC074C-31A5-4152-8927-D074F95AC9F4}.Debug|Any CPU.Build.0 = Debug|Any CPU
		{77CC074C-31A5-4152-8927-D074F95AC9F4}.Release|Any CPU.ActiveCfg = Release|Any CPU
		{77CC074C-31A5-4152-8927-D074F95AC9F4}.Release|Any CPU.Build.0 = Release|Any CPU
		{2428FA2D-A2E3-429E-83FD-170B5DC11568}.Debug|Any CPU.ActiveCfg = Debug|Any CPU
		{2428FA2D-A2E3-429E-83FD-170B5DC11568}.Debug|Any CPU.Build.0 = Debug|Any CPU
		{2428FA2D-A2E3-429E-83FD-170B5DC11568}.Release|Any CPU.ActiveCfg = Release|Any CPU
		{2428FA2D-A2E3-429E-83FD-170B5DC11568}.Release|Any CPU.Build.0 = Release|Any CPU
		{CD7DB294-9359-4B80-A295-B3639D29BE94}.Debug|Any CPU.ActiveCfg = Debug|Any CPU
		{CD7DB294-9359-4B80-A295-B3639D29BE94}.Debug|Any CPU.Build.0 = Debug|Any CPU
		{CD7DB294-9359-4B80-A295-B3639D29BE94}.Release|Any CPU.ActiveCfg = Release|Any CPU
		{CD7DB294-9359-4B80-A295-B3639D29BE94}.Release|Any CPU.Build.0 = Release|Any CPU
		{76272C1C-1EE3-4097-8EC3-D00B5BE29EEA}.Debug|Any CPU.ActiveCfg = Debug|Any CPU
		{76272C1C-1EE3-4097-8EC3-D00B5BE29EEA}.Debug|Any CPU.Build.0 = Debug|Any CPU
		{76272C1C-1EE3-4097-8EC3-D00B5BE29EEA}.Release|Any CPU.ActiveCfg = Release|Any CPU
		{76272C1C-1EE3-4097-8EC3-D00B5BE29EEA}.Release|Any CPU.Build.0 = Release|Any CPU
		{C1977020-62B4-4EED-B403-602C1FBC0878}.Debug|Any CPU.ActiveCfg = Debug|Any CPU
		{C1977020-62B4-4EED-B403-602C1FBC0878}.Debug|Any CPU.Build.0 = Debug|Any CPU
		{C1977020-62B4-4EED-B403-602C1FBC0878}.Release|Any CPU.ActiveCfg = Release|Any CPU
		{C1977020-62B4-4EED-B403-602C1FBC0878}.Release|Any CPU.Build.0 = Release|Any CPU
		{F4A00172-8979-425D-B6AC-F939E06F593A}.Debug|Any CPU.ActiveCfg = Debug|Any CPU
		{F4A00172-8979-425D-B6AC-F939E06F593A}.Debug|Any CPU.Build.0 = Debug|Any CPU
		{F4A00172-8979-425D-B6AC-F939E06F593A}.Release|Any CPU.ActiveCfg = Release|Any CPU
		{F4A00172-8979-425D-B6AC-F939E06F593A}.Release|Any CPU.Build.0 = Release|Any CPU
		{556E0ECD-9896-4A28-BAAD-AC7238F9D4F3}.Debug|Any CPU.ActiveCfg = Debug|Any CPU
		{556E0ECD-9896-4A28-BAAD-AC7238F9D4F3}.Debug|Any CPU.Build.0 = Debug|Any CPU
		{556E0ECD-9896-4A28-BAAD-AC7238F9D4F3}.Release|Any CPU.ActiveCfg = Release|Any CPU
		{556E0ECD-9896-4A28-BAAD-AC7238F9D4F3}.Release|Any CPU.Build.0 = Release|Any CPU
		{B3F6E201-9814-4D86-9187-46FD83ED890B}.Debug|Any CPU.ActiveCfg = Debug|Any CPU
		{B3F6E201-9814-4D86-9187-46FD83ED890B}.Debug|Any CPU.Build.0 = Debug|Any CPU
		{B3F6E201-9814-4D86-9187-46FD83ED890B}.Release|Any CPU.ActiveCfg = Release|Any CPU
		{B3F6E201-9814-4D86-9187-46FD83ED890B}.Release|Any CPU.Build.0 = Release|Any CPU
		{B8414983-529C-4A25-853F-18235D610CE8}.Debug|Any CPU.ActiveCfg = Debug|Any CPU
		{B8414983-529C-4A25-853F-18235D610CE8}.Debug|Any CPU.Build.0 = Debug|Any CPU
		{B8414983-529C-4A25-853F-18235D610CE8}.Release|Any CPU.ActiveCfg = Release|Any CPU
		{B8414983-529C-4A25-853F-18235D610CE8}.Release|Any CPU.Build.0 = Release|Any CPU
		{C51A52CC-AA23-4BA8-9847-80AF28879FD0}.Debug|Any CPU.ActiveCfg = Debug|Any CPU
		{C51A52CC-AA23-4BA8-9847-80AF28879FD0}.Debug|Any CPU.Build.0 = Debug|Any CPU
		{C51A52CC-AA23-4BA8-9847-80AF28879FD0}.Release|Any CPU.ActiveCfg = Release|Any CPU
		{C51A52CC-AA23-4BA8-9847-80AF28879FD0}.Release|Any CPU.Build.0 = Release|Any CPU
		{B3A3B778-EF92-4A95-B78D-86814BBD087A}.Debug|Any CPU.ActiveCfg = Debug|Any CPU
		{B3A3B778-EF92-4A95-B78D-86814BBD087A}.Debug|Any CPU.Build.0 = Debug|Any CPU
		{B3A3B778-EF92-4A95-B78D-86814BBD087A}.Release|Any CPU.ActiveCfg = Release|Any CPU
		{B3A3B778-EF92-4A95-B78D-86814BBD087A}.Release|Any CPU.Build.0 = Release|Any CPU
		{A2B49399-E61B-4241-A8A3-F12DD7A01D97}.Debug|Any CPU.ActiveCfg = Debug|Any CPU
		{A2B49399-E61B-4241-A8A3-F12DD7A01D97}.Debug|Any CPU.Build.0 = Debug|Any CPU
		{A2B49399-E61B-4241-A8A3-F12DD7A01D97}.Release|Any CPU.ActiveCfg = Release|Any CPU
		{A2B49399-E61B-4241-A8A3-F12DD7A01D97}.Release|Any CPU.Build.0 = Release|Any CPU
		{D3AFA7ED-DEC6-4D20-8FC5-ED1C27FA559D}.Debug|Any CPU.ActiveCfg = Debug|Any CPU
		{D3AFA7ED-DEC6-4D20-8FC5-ED1C27FA559D}.Debug|Any CPU.Build.0 = Debug|Any CPU
		{D3AFA7ED-DEC6-4D20-8FC5-ED1C27FA559D}.Release|Any CPU.ActiveCfg = Release|Any CPU
		{D3AFA7ED-DEC6-4D20-8FC5-ED1C27FA559D}.Release|Any CPU.Build.0 = Release|Any CPU
		{F31CCD77-51B6-4029-8826-715810FDCADD}.Debug|Any CPU.ActiveCfg = Debug|Any CPU
		{F31CCD77-51B6-4029-8826-715810FDCADD}.Debug|Any CPU.Build.0 = Debug|Any CPU
		{F31CCD77-51B6-4029-8826-715810FDCADD}.Release|Any CPU.ActiveCfg = Release|Any CPU
		{F31CCD77-51B6-4029-8826-715810FDCADD}.Release|Any CPU.Build.0 = Release|Any CPU
	EndGlobalSection
	GlobalSection(SolutionProperties) = preSolution
		HideSolutionNode = FALSE
	EndGlobalSection
	GlobalSection(ExtensibilityGlobals) = postSolution
		SolutionGuid = {D5B78459-253B-4B5F-820D-9CBCF204F1A2}
	EndGlobalSection
EndGlobal
